github.com/goccy/go-yaml v1.19.0 h1:EmkZ9RIsX+Uq4DYFowegAuJo8+xdX3T/2dwNPXbxEYE=
github.com/goccy/go-yaml v1.19.0/go.mod h1:XBurs7gK8ATbW4ZPGKgcbrY1Br56PdM69F7LkFRi1kA=
github.com/kylelemons/godebug v1.1.0 h1:RPNrshWIDI6G2gRW9EHilWtl7Z6Sb1BR0xunSBf0SNc=
github.com/kylelemons/godebug v1.1.0/go.mod h1:9/0rRGxNHcop5bhtWyNeEfOS8JIWk580+fNqagV/RAw=
github.com/l4go/task v1.20220225.0 h1:CpAsxaMbcqtikq4qjUposmCDLBACXXLu26J6ocOKzKs=
github.com/l4go/task v1.20220225.0/go.mod h1:5vuq2+n3+gYolXbT3AgPaHoCzLDnOLp4NrvWWB1uPV4=
github.com/l4go/timer v1.20220131.0/go.mod h1:3WVqLwRVS1odYYP2UqSs8k8VYAbIRlNEGE02Yq1I2Pw=
github.com/l4go/var_mtx v1.20220131.0 h1:dsX4puydz92xQ7/y6KnaPahp3gGY827TC7W2z00XHPo=
github.com/l4go/var_mtx v1.20220131.0/go.mod h1:/Yz/lJurbu2G4aAsy056wkFZozGuVkm8qTF2CV8tskw=
github.com/naoina/go-stringutil v0.1.0 h1:rCUeRUHjBjGTSHl0VC00jUPLz8/F9dDzYI70Hzifhks=
github.com/naoina/go-stringutil v0.1.0/go.mod h1:XJ2SJL9jCtBh+P9q5btrd/Ylo8XwT/h1USek5+NqSA0=
github.com/naoina/toml v0.1.2-0.20220808084321-5b37ad7d4c47 h1:gtSdlSpVzyFPiEefVu/D+FS390eZXy6CFAKDYVOjVNY=
github.com/naoina/toml v0.1.2-0.20220808084321-5b37ad7d4c47/go.mod h1:lPiP7FaVUTKsCLlpb8Y7V7uNC4f5X2uhtOW9rEsX05I=
